
Microsoft Visual Studio Solution File, Format Version 12.00
# Visual Studio 14
VisualStudioVersion = 14.0.23107.0
MinimumVisualStudioVersion = 10.0.40219.1
Project("{FAE04EC0-301F-11D3-BF4B-00C04F79EFBC}") = "SZPushService", "SZPushService\SZPushService.csproj", "{D98C027E-C5BC-47EF-983D-9FC3EADE1B0A}"
EndProject
Project("{FAE04EC0-301F-11D3-BF4B-00C04F79EFBC}") = "Web", "Web\Web.csproj", "{0D74465A-056F-4066-9538-3C591281A194}"
EndProject
Global
	GlobalSection(SolutionConfigurationPlatforms) = preSolution
		Debug|Any CPU = Debug|Any CPU
		Release|Any CPU = Release|Any CPU
	EndGlobalSection
	GlobalSection(ProjectConfigurationPlatforms) = postSolution
		{D98C027E-C5BC-47EF-983D-9FC3EADE1B0A}.Debug|Any CPU.ActiveCfg = Debug|Any CPU
		{D98C027E-C5BC-47EF-983D-9FC3EADE1B0A}.Debug|Any CPU.Build.0 = Debug|Any CPU
		{D98C027E-C5BC-47EF-983D-9FC3EADE1B0A}.Release|Any CPU.ActiveCfg = Release|Any CPU
		{D98C027E-C5BC-47EF-983D-9FC3EADE1B0A}.Release|Any CPU.Build.0 = Release|Any CPU
		{0D74465A-056F-4066-9538-3C591281A194}.Debug|Any CPU.ActiveCfg = Debug|Any CPU
		{0D74465A-056F-4066-9538-3C591281A194}.Debug|Any CPU.Build.0 = Debug|Any CPU
		{0D74465A-056F-4066-9538-3C591281A194}.Release|Any CPU.ActiveCfg = Release|Any CPU
		{0D74465A-056F-4066-9538-3C591281A194}.Release|Any CPU.Build.0 = Release|Any CPU
	EndGlobalSection
	GlobalSection(SolutionProperties) = preSolution
		HideSolutionNode = FALSE
	EndGlobalSection
EndGlobal
